<?xml version="1.0" encoding="utf-8"?>
<Project ToolsVersion="4.0" xmlns="http://schemas.microsoft.com/developer/msbuild/2003">
  <ItemGroup>
    <Filter Include="源文件">
      <UniqueIdentifier>{4FC737F1-C7A5-4376-A066-2A32D752A2FF}</UniqueIdentifier>
      <Extensions>cpp;c;cc;cxx;c++;cppm;ixx;def;odl;idl;hpj;bat;asm;asmx</Extensions>
    </Filter>
    <Filter Include="头文件">
      <UniqueIdentifier>{93995380-89BD-4b04-88EB-625FBE52EBFB}</UniqueIdentifier>
      <Extensions>h;hh;hpp;hxx;h++;hm;inl;inc;ipp;xsd</Extensions>
    </Filter>
    <Filter Include="资源文件">
      <UniqueIdentifier>{67DA6AB6-F800-4c08-8B7A-83BB121AAD01}</UniqueIdentifier>
      <Extensions>rc;ico;cur;bmp;dlg;rc2;rct;bin;rgs;gif;jpg;jpeg;jpe;resx;tiff;tif;png;wav;mfcribbon-ms</Extensions>
    </Filter>
    <Filter Include="道具">
      <UniqueIdentifier>{ff5d514e-1d19-49fb-b695-5cf6725d30fa}</UniqueIdentifier>
    </Filter>
    <Filter Include="utils">
      <UniqueIdentifier>{e2808b1c-35b7-4f29-99ae-f27b3dbaf5a0}</UniqueIdentifier>
    </Filter>
    <Filter Include="role">
      <UniqueIdentifier>{d41c970c-81e8-4892-b847-02563390434e}</UniqueIdentifier>
    </Filter>
    <Filter Include="资源文件\wall">
      <UniqueIdentifier>{03d32394-08d5-4c66-9897-c6bf05de17d3}</UniqueIdentifier>
    </Filter>
    <Filter Include="资源文件\floor">
      <UniqueIdentifier>{409b291c-9fd2-487b-9244-f5fdfa9415ec}</UniqueIdentifier>
    </Filter>
    <Filter Include="资源文件\floor\cave">
      <UniqueIdentifier>{db29ad4c-e61b-49e1-bc4e-c11663995b0e}</UniqueIdentifier>
    </Filter>
    <Filter Include="资源文件\wall\cave">
      <UniqueIdentifier>{0d2b49ff-d03c-458d-a861-77a2e2c51ed7}</UniqueIdentifier>
    </Filter>
    <Filter Include="资源文件\player">
      <UniqueIdentifier>{bcdd5213-eac0-43b6-b707-1b5b30c6e48f}</UniqueIdentifier>
    </Filter>
    <Filter Include="资源文件\monster">
      <UniqueIdentifier>{867d5392-47b9-4306-b10f-15a19bcf5212}</UniqueIdentifier>
    </Filter>
    <Filter Include="资源文件\item">
      <UniqueIdentifier>{99a2fb11-9de2-45d7-9317-493ba15b7298}</UniqueIdentifier>
    </Filter>
    <Filter Include="资源文件\status">
      <UniqueIdentifier>{05b63566-da47-4a99-be1f-5a242970bf01}</UniqueIdentifier>
    </Filter>
    <Filter Include="资源文件\GUI">
      <UniqueIdentifier>{efa821d2-cea7-41bd-9e29-995af92ebd77}</UniqueIdentifier>
    </Filter>
    <Filter Include="资源文件\wall\maze">
      <UniqueIdentifier>{f6e6adef-2c80-468d-bbf9-12427360c563}</UniqueIdentifier>
    </Filter>
    <Filter Include="资源文件\floor\maze">
      <UniqueIdentifier>{5eaec56f-4aa7-418c-a451-61bfaf9826ac}</UniqueIdentifier>
    </Filter>
    <Filter Include="资源文件\Message">
      <UniqueIdentifier>{d2a1e94a-4f96-437e-8b77-9734e561232a}</UniqueIdentifier>
    </Filter>
    <Filter Include="资源文件\background">
      <UniqueIdentifier>{b21bbe24-986b-4bd1-a34f-975f668a7d69}</UniqueIdentifier>
    </Filter>
    <Filter Include="资源文件\wall\town">
      <UniqueIdentifier>{a19652f4-c903-4137-8f2f-b8a17c76dd09}</UniqueIdentifier>
    </Filter>
    <Filter Include="资源文件\gadgets">
      <UniqueIdentifier>{ee5b0b3d-467e-4ec8-8939-e4b456643660}</UniqueIdentifier>
    </Filter>
  </ItemGroup>
  <ItemGroup>
    <ClCompile Include="main.cpp">
      <Filter>源文件</Filter>
    </ClCompile>
    <ClCompile Include="scene.cpp">
      <Filter>源文件</Filter>
    </ClCompile>
    <ClCompile Include="battle.cpp">
      <Filter>源文件</Filter>
    </ClCompile>
    <ClCompile Include="tile.cpp">
      <Filter>源文件</Filter>
    </ClCompile>
    <ClCompile Include="paint.cpp">
      <Filter>源文件</Filter>
    </ClCompile>
    <ClCompile Include="attribute.cpp">
      <Filter>源文件</Filter>
    </ClCompile>
    <ClCompile Include="utils\PCG.cpp">
      <Filter>源文件</Filter>
    </ClCompile>
    <ClCompile Include="gadgets\bow.cpp">
      <Filter>道具</Filter>
    </ClCompile>
    <ClCompile Include="gadgets\cursedstone.cpp">
      <Filter>道具</Filter>
    </ClCompile>
    <ClCompile Include="gadgets\gadget.cpp">
      <Filter>道具</Filter>
    </ClCompile>
    <ClCompile Include="gadgets\gadgets.cpp">
      <Filter>道具</Filter>
    </ClCompile>
    <ClCompile Include="gadgets\healpotion.cpp">
      <Filter>道具</Filter>
    </ClCompile>
    <ClCompile Include="gadgets\shield.cpp">
      <Filter>道具</Filter>
    </ClCompile>
    <ClCompile Include="gadgets\sword.cpp">
      <Filter>道具</Filter>
    </ClCompile>
    <ClCompile Include="utils\random.cpp">
      <Filter>utils</Filter>
    </ClCompile>
    <ClCompile Include="utils\position.cpp">
      <Filter>utils</Filter>
    </ClCompile>
    <ClCompile Include="roles\character.cpp">
      <Filter>role</Filter>
    </ClCompile>
    <ClCompile Include="roles\chests\chest.cpp">
      <Filter>role</Filter>
    </ClCompile>
    <ClCompile Include="roles\monsters\monster.cpp">
      <Filter>role</Filter>
    </ClCompile>
    <ClCompile Include="roles\player.cpp">
      <Filter>role</Filter>
    </ClCompile>
    <ClCompile Include="gadgets\teleportscroll.cpp">
      <Filter>道具</Filter>
    </ClCompile>
    <ClCompile Include="gaming.cpp">
      <Filter>源文件</Filter>
    </ClCompile>
    <ClCompile Include="utils\rect.cpp">
      <Filter>utils</Filter>
    </ClCompile>
    <ClCompile Include="gadgets\key.cpp">
      <Filter>道具</Filter>
    </ClCompile>
    <ClCompile Include="gadgets\dagger.cpp">
      <Filter>道具</Filter>
    </ClCompile>
    <ClCompile Include="roles\monsters\slime.cpp">
      <Filter>role</Filter>
    </ClCompile>
    <ClCompile Include="roles\monsters\monsters.cpp">
      <Filter>role</Filter>
    </ClCompile>
    <ClCompile Include="roles\monsters\goblin.cpp">
      <Filter>role</Filter>
    </ClCompile>
    <ClCompile Include="roles\chests\chests.cpp">
      <Filter>role</Filter>
    </ClCompile>
    <ClCompile Include="event\event.cpp">
      <Filter>源文件</Filter>
    </ClCompile>
    <ClCompile Include="utils\button.cpp">
      <Filter>源文件</Filter>
    </ClCompile>
  </ItemGroup>
  <ItemGroup>
    <ClInclude Include="scene.h">
      <Filter>头文件</Filter>
    </ClInclude>
    <ClInclude Include="battle.h">
      <Filter>头文件</Filter>
    </ClInclude>
    <ClInclude Include="tile.h">
      <Filter>头文件</Filter>
    </ClInclude>
    <ClInclude Include="paint.h">
      <Filter>头文件</Filter>
    </ClInclude>
    <ClInclude Include="attribute.h">
      <Filter>头文件</Filter>
    </ClInclude>
    <ClInclude Include="utils\PCG.h">
      <Filter>头文件</Filter>
    </ClInclude>
    <ClInclude Include="resource.h">
      <Filter>头文件</Filter>
    </ClInclude>
    <ClInclude Include="gadgets\bow.h">
      <Filter>道具</Filter>
    </ClInclude>
    <ClInclude Include="gadgets\cursedstone.h">
      <Filter>道具</Filter>
    </ClInclude>
    <ClInclude Include="gadgets\gadget.h">
      <Filter>道具</Filter>
    </ClInclude>
    <ClInclude Include="gadgets\gadgets.h">
      <Filter>道具</Filter>
    </ClInclude>
    <ClInclude Include="gadgets\healpotion.h">
      <Filter>道具</Filter>
    </ClInclude>
    <ClInclude Include="gadgets\shield.h">
      <Filter>道具</Filter>
    </ClInclude>
    <ClInclude Include="gadgets\sword.h">
      <Filter>道具</Filter>
    </ClInclude>
    <ClInclude Include="utils\random.h">
      <Filter>utils</Filter>
    </ClInclude>
    <ClInclude Include="utils\position.h">
      <Filter>utils</Filter>
    </ClInclude>
    <ClInclude Include="roles\character.h">
      <Filter>role</Filter>
    </ClInclude>
    <ClInclude Include="roles\chests\chest.h">
      <Filter>role</Filter>
    </ClInclude>
    <ClInclude Include="roles\monsters\monster.h">
      <Filter>role</Filter>
    </ClInclude>
    <ClInclude Include="roles\player.h">
      <Filter>role</Filter>
    </ClInclude>
    <ClInclude Include="gadgets\teleportscroll.h">
      <Filter>道具</Filter>
    </ClInclude>
    <ClInclude Include="gaming.h">
      <Filter>头文件</Filter>
    </ClInclude>
    <ClInclude Include="utils\rect.h">
      <Filter>utils</Filter>
    </ClInclude>
    <ClInclude Include="gadgets\key.h">
      <Filter>道具</Filter>
    </ClInclude>
    <ClInclude Include="gadgets\dagger.h">
      <Filter>道具</Filter>
    </ClInclude>
    <ClInclude Include="roles\monsters\slime.h">
      <Filter>role</Filter>
    </ClInclude>
    <ClInclude Include="roles\monsters\monsters.h">
      <Filter>role</Filter>
    </ClInclude>
    <ClInclude Include="roles\monsters\goblin.h">
      <Filter>role</Filter>
    </ClInclude>
    <ClInclude Include="roles\chests\chests.h">
      <Filter>role</Filter>
    </ClInclude>
    <ClInclude Include="roles\characters.h">
      <Filter>role</Filter>
    </ClInclude>
    <ClInclude Include="event\event.h">
      <Filter>头文件</Filter>
    </ClInclude>
    <ClInclude Include="utils\button.h">
      <Filter>头文件</Filter>
    </ClInclude>
  </ItemGroup>
  <ItemGroup>
    <Image Include="res\cave_wall\cave_right_middle_wall.png">
      <Filter>资源文件\wall\cave</Filter>
    </Image>
    <Image Include="res\cave_wall\cave_up_left_wall.png">
      <Filter>资源文件\wall\cave</Filter>
    </Image>
    <Image Include="res\cave_wall\cave_up_middle_wall.png">
      <Filter>资源文件\wall\cave</Filter>
    </Image>
    <Image Include="res\cave_wall\cave_up_right_wall.png">
      <Filter>资源文件\wall\cave</Filter>
    </Image>
    <Image Include="res\cave_wall\cave_up_wall.png">
      <Filter>资源文件\wall\cave</Filter>
    </Image>
    <Image Include="res\cave_wall\cave_wall.png">
      <Filter>资源文件\wall\cave</Filter>
    </Image>
    <Image Include="res\cave_wall\cave_down.png">
      <Filter>资源文件\wall\cave</Filter>
    </Image>
    <Image Include="res\cave_wall\cave_down_middle_wall.png">
      <Filter>资源文件\wall\cave</Filter>
    </Image>
    <Image Include="res\cave_wall\cave_left_down_wall.png">
      <Filter>资源文件\wall\cave</Filter>
    </Image>
    <Image Include="res\cave_wall\cave_left_middle_wall.png">
      <Filter>资源文件\wall\cave</Filter>
    </Image>
    <Image Include="res\cave_wall\cave_left_wall.png">
      <Filter>资源文件\wall\cave</Filter>
    </Image>
    <Image Include="res\cave_wall\cave_middle_wall.png">
      <Filter>资源文件\wall\cave</Filter>
    </Image>
    <Image Include="res\cave_wall\cave_right_down_wall.png">
      <Filter>资源文件\wall\cave</Filter>
    </Image>
    <Image Include="res\cave_floor\cave_floor.png">
      <Filter>资源文件\floor\cave</Filter>
    </Image>
    <Image Include="res\player\player_1.png">
      <Filter>资源文件\player</Filter>
    </Image>
    <Image Include="res\chest\chest.png">
      <Filter>资源文件\item</Filter>
    </Image>
    <Image Include="res\monster\skull.png">
      <Filter>资源文件\monster</Filter>
    </Image>
    <Image Include="res\status\end.png">
      <Filter>资源文件\status</Filter>
    </Image>
    <Image Include="res\status\start.png">
      <Filter>资源文件\status</Filter>
    </Image>
    <Image Include="res\GUI\GUI_right_up.png">
      <Filter>资源文件\GUI</Filter>
    </Image>
    <Image Include="res\GUI\GUI_up.png">
      <Filter>资源文件\GUI</Filter>
    </Image>
    <Image Include="res\GUI\GUI_down.png">
      <Filter>资源文件\GUI</Filter>
    </Image>
    <Image Include="res\GUI\GUI_left.png">
      <Filter>资源文件\GUI</Filter>
    </Image>
    <Image Include="res\GUI\GUI_left_down.png">
      <Filter>资源文件\GUI</Filter>
    </Image>
    <Image Include="res\GUI\GUI_left_up.png">
      <Filter>资源文件\GUI</Filter>
    </Image>
    <Image Include="res\GUI\GUI_middle.png">
      <Filter>资源文件\GUI</Filter>
    </Image>
    <Image Include="res\GUI\GUI_right.png">
      <Filter>资源文件\GUI</Filter>
    </Image>
    <Image Include="res\GUI\GUI_right_down.png">
      <Filter>资源文件\GUI</Filter>
    </Image>
    <Image Include="res\cave_floor\cave_left_floor.png">
      <Filter>资源文件\floor\cave</Filter>
    </Image>
    <Image Include="res\cave_floor\cave_left_up_floor.png">
      <Filter>资源文件\floor\cave</Filter>
    </Image>
    <Image Include="res\cave_floor\cave_leftright_down_floor.png">
      <Filter>资源文件\floor\cave</Filter>
    </Image>
    <Image Include="res\cave_floor\cave_leftright_floor.png">
      <Filter>资源文件\floor\cave</Filter>
    </Image>
    <Image Include="res\cave_floor\cave_leftright_up_floor.png">
      <Filter>资源文件\floor\cave</Filter>
    </Image>
    <Image Include="res\cave_floor\cave_middle_floor.png">
      <Filter>资源文件\floor\cave</Filter>
    </Image>
    <Image Include="res\cave_floor\cave_right_down_floor.png">
      <Filter>资源文件\floor\cave</Filter>
    </Image>
    <Image Include="res\cave_floor\cave_right_floor.png">
      <Filter>资源文件\floor\cave</Filter>
    </Image>
    <Image Include="res\cave_floor\cave_right_up_floor.png">
      <Filter>资源文件\floor\cave</Filter>
    </Image>
    <Image Include="res\cave_floor\cave_up_floor.png">
      <Filter>资源文件\floor\cave</Filter>
    </Image>
    <Image Include="res\cave_floor\cave_updown_floor.png">
      <Filter>资源文件\floor\cave</Filter>
    </Image>
    <Image Include="res\cave_floor\cave_updown_left_floor.png">
      <Filter>资源文件\floor\cave</Filter>
    </Image>
    <Image Include="res\cave_floor\cave_updown_right_floor.png">
      <Filter>资源文件\floor\cave</Filter>
    </Image>
    <Image Include="res\cave_floor\cave_left_down_floor.png">
      <Filter>资源文件\floor\cave</Filter>
    </Image>
    <Image Include="res\cave_floor\cave_down_floor.png">
      <Filter>资源文件\floor\cave</Filter>
    </Image>
    <Image Include="res\maze_wall\maze_right_middle_wall.png">
      <Filter>资源文件\wall\maze</Filter>
    </Image>
    <Image Include="res\maze_wall\maze_up_left_wall.png">
      <Filter>资源文件\wall\maze</Filter>
    </Image>
    <Image Include="res\maze_wall\maze_up_middle_wall.png">
      <Filter>资源文件\wall\maze</Filter>
    </Image>
    <Image Include="res\maze_wall\maze_up_right_wall.png">
      <Filter>资源文件\wall\maze</Filter>
    </Image>
    <Image Include="res\maze_wall\maze_up_wall.png">
      <Filter>资源文件\wall\maze</Filter>
    </Image>
    <Image Include="res\maze_wall\maze_wall.png">
      <Filter>资源文件\wall\maze</Filter>
    </Image>
    <Image Include="res\maze_wall\maze_down.png">
      <Filter>资源文件\wall\maze</Filter>
    </Image>
    <Image Include="res\maze_wall\maze_down_middle_wall.png">
      <Filter>资源文件\wall\maze</Filter>
    </Image>
    <Image Include="res\maze_wall\maze_left_down_wall.png">
      <Filter>资源文件\wall\maze</Filter>
    </Image>
    <Image Include="res\maze_wall\maze_left_middle_wall.png">
      <Filter>资源文件\wall\maze</Filter>
    </Image>
    <Image Include="res\maze_wall\maze_left_wall.png">
      <Filter>资源文件\wall\maze</Filter>
    </Image>
    <Image Include="res\maze_wall\maze_middle_wall.png">
      <Filter>资源文件\wall\maze</Filter>
    </Image>
    <Image Include="res\maze_wall\maze_right_down_wall.png">
      <Filter>资源文件\wall\maze</Filter>
    </Image>
    <Image Include="res\GUI\heart.png">
      <Filter>资源文件\GUI</Filter>
    </Image>
    <Image Include="res\GUI\money_bag.png">
      <Filter>资源文件\GUI</Filter>
    </Image>
    <Image Include="res\maze_floor\maze_leftright_up_floor.png">
      <Filter>资源文件\floor\maze</Filter>
    </Image>
    <Image Include="res\maze_floor\maze_middle_floor.png">
      <Filter>资源文件\floor\maze</Filter>
    </Image>
    <Image Include="res\maze_floor\maze_right_down_floor.png">
      <Filter>资源文件\floor\maze</Filter>
    </Image>
    <Image Include="res\maze_floor\maze_right_floor.png">
      <Filter>资源文件\floor\maze</Filter>
    </Image>
    <Image Include="res\maze_floor\maze_right_up_floor.png">
      <Filter>资源文件\floor\maze</Filter>
    </Image>
    <Image Include="res\maze_floor\maze_up_floor.png">
      <Filter>资源文件\floor\maze</Filter>
    </Image>
    <Image Include="res\maze_floor\maze_updown_floor.png">
      <Filter>资源文件\floor\maze</Filter>
    </Image>
    <Image Include="res\maze_floor\maze_updown_left_floor.png">
      <Filter>资源文件\floor\maze</Filter>
    </Image>
    <Image Include="res\maze_floor\maze_updown_right_floor.png">
      <Filter>资源文件\floor\maze</Filter>
    </Image>
    <Image Include="res\maze_floor\maze_down_floor.png">
      <Filter>资源文件\floor\maze</Filter>
    </Image>
    <Image Include="res\maze_floor\maze_floor.png">
      <Filter>资源文件\floor\maze</Filter>
    </Image>
    <Image Include="res\maze_floor\maze_left_down_floor.png">
      <Filter>资源文件\floor\maze</Filter>
    </Image>
    <Image Include="res\maze_floor\maze_left_floor.png">
      <Filter>资源文件\floor\maze</Filter>
    </Image>
    <Image Include="res\maze_floor\maze_left_up_floor.png">
      <Filter>资源文件\floor\maze</Filter>
    </Image>
    <Image Include="res\maze_floor\maze_leftright_down_floor.png">
      <Filter>资源文件\floor\maze</Filter>
    </Image>
    <Image Include="res\maze_floor\maze_leftright_floor.png">
      <Filter>资源文件\floor\maze</Filter>
    </Image>
    <Image Include="res\GUI\Message_down.png">
      <Filter>资源文件\Message</Filter>
    </Image>
    <Image Include="res\GUI\Message_middle.png">
      <Filter>资源文件\Message</Filter>
    </Image>
    <Image Include="res\GUI\Message_right.png">
      <Filter>资源文件\Message</Filter>
    </Image>
    <Image Include="res\GUI\Message_right_down.png">
      <Filter>资源文件\Message</Filter>
    </Image>
    <Image Include="res\GUI\Message_right_up.png">
      <Filter>资源文件\Message</Filter>
    </Image>
    <Image Include="res\GUI\Message_up.png">
      <Filter>资源文件\Message</Filter>
    </Image>
    <Image Include="res\GUI\Message_left.png">
      <Filter>资源文件\Message</Filter>
    </Image>
    <Image Include="res\GUI\Message_left_down.png">
      <Filter>资源文件\Message</Filter>
    </Image>
    <Image Include="res\GUI\Message_left_up.png">
      <Filter>资源文件\Message</Filter>
    </Image>
    <Image Include="res\player\player_2.png">
      <Filter>资源文件\player</Filter>
    </Image>
    <Image Include="res\background\background-mountain-mountains.png">
      <Filter>资源文件\background</Filter>
    </Image>
    <Image Include="res\background\background-mountain-bg.png">
      <Filter>资源文件\background</Filter>
    </Image>
    <Image Include="res\background\background-mountain-far.png">
      <Filter>资源文件\background</Filter>
    </Image>
    <Image Include="res\town_wall\town_down.png">
      <Filter>资源文件\wall\town</Filter>
    </Image>
    <Image Include="res\town_wall\town_down_middle_wall.png">
      <Filter>资源文件\wall\town</Filter>
    </Image>
    <Image Include="res\town_wall\town_left_down_wall.png">
      <Filter>资源文件\wall\town</Filter>
    </Image>
    <Image Include="res\town_wall\town_left_middle_wall.png">
      <Filter>资源文件\wall\town</Filter>
    </Image>
    <Image Include="res\town_wall\town_left_wall.png">
      <Filter>资源文件\wall\town</Filter>
    </Image>
    <Image Include="res\town_wall\town_middle_wall.png">
      <Filter>资源文件\wall\town</Filter>
    </Image>
    <Image Include="res\town_wall\town_right_down_wall.png">
      <Filter>资源文件\wall\town</Filter>
    </Image>
    <Image Include="res\town_wall\town_right_middle_wall.png">
      <Filter>资源文件\wall\town</Filter>
    </Image>
    <Image Include="res\town_wall\town_up_left_wall.png">
      <Filter>资源文件\wall\town</Filter>
    </Image>
    <Image Include="res\town_wall\town_up_middle_wall.png">
      <Filter>资源文件\wall\town</Filter>
    </Image>
    <Image Include="res\town_wall\town_up_right_wall.png">
      <Filter>资源文件\wall\town</Filter>
    </Image>
    <Image Include="res\town_wall\town_up_wall.png">
      <Filter>资源文件\wall\town</Filter>
    </Image>
    <Image Include="res\town_wall\town_wall.png">
      <Filter>资源文件\wall\town</Filter>
    </Image>
    <Image Include="res\gadgets\bow.png">
      <Filter>资源文件\gadgets</Filter>
    </Image>
    <Image Include="res\gadgets\cursedstone.png">
      <Filter>资源文件\gadgets</Filter>
    </Image>
    <Image Include="res\gadgets\healpotion.png">
      <Filter>资源文件\gadgets</Filter>
    </Image>
    <Image Include="res\gadgets\shield.png">
      <Filter>资源文件\gadgets</Filter>
    </Image>
    <Image Include="res\gadgets\sword.png">
      <Filter>资源文件\gadgets</Filter>
    </Image>
    <Image Include="res\gadgets\telescroll.png">
      <Filter>资源文件\gadgets</Filter>
    </Image>
    <Image Include="res\monster\goblin.png">
      <Filter>资源文件</Filter>
    </Image>
    <Image Include="res\monster\slime.png">
      <Filter>资源文件</Filter>
    </Image>
    <Image Include="res\monster\orc.png">
      <Filter>资源文件</Filter>
    </Image>
    <Image Include="res\monster\dragon.png">
      <Filter>资源文件</Filter>
    </Image>
    <Image Include="res\monster\skeleton.png">
      <Filter>资源文件</Filter>
    </Image>
    <Image Include="res\monster\skeleton2.png">
      <Filter>资源文件</Filter>
    </Image>
    <Image Include="res\monster\vampire.png">
      <Filter>资源文件</Filter>
    </Image>
    <Image Include="res\monster\witch.png">
      <Filter>资源文件</Filter>
    </Image>
  </ItemGroup>
  <ItemGroup>
    <Media Include="res\UnicornTales(Master)9.wav">
      <Filter>资源文件</Filter>
    </Media>
  </ItemGroup>
</Project>